
Microsoft Visual Studio Solution File, Format Version 12.00
# Visual Studio 15
VisualStudioVersion = 15.0.28010.2050
MinimumVisualStudioVersion = 10.0.40219.1
Project("{FAE04EC0-301F-11D3-BF4B-00C04F79EFBC}") = "CarRentalProject", "CarRentalProject\CarRentalProject.csproj", "{88BD2B4B-8236-40CE-94D7-797DF4B49621}"
EndProject
Global
	GlobalSection(SolutionConfigurationPlatforms) = preSolution
		Debug|Any CPU = Debug|Any CPU
		Release|Any CPU = Release|Any CPU
	EndGlobalSection
	GlobalSection(ProjectConfigurationPlatforms) = postSolution
		{88BD2B4B-8236-40CE-94D7-797DF4B49621}.Debug|Any CPU.ActiveCfg = Debug|Any CPU
		{88BD2B4B-8236-40CE-94D7-797DF4B49621}.Debug|Any CPU.Build.0 = Debug|Any CPU
		{88BD2B4B-8236-40CE-94D7-797DF4B49621}.Release|Any CPU.ActiveCfg = Release|Any CPU
		{88BD2B4B-8236-40CE-94D7-797DF4B49621}.Release|Any CPU.Build.0 = Release|Any CPU
	EndGlobalSection
	GlobalSection(SolutionProperties) = preSolution
		HideSolutionNode = FALSE
	EndGlobalSection
	GlobalSection(ExtensibilityGlobals) = postSolution
		SolutionGuid = {C52D9D96-DF3A-4078-B7FF-DC61635B0441}
	EndGlobalSection
EndGlobal
